// !$*UTF8*$!
{
	archiveVersion = 1;
	classes = {
	};
	objectVersion = 50;
	objects = {

/* Begin PBXBuildFile section */
		F0DD6FA420DCF0C100F95FA0 /* AppDelegate.swift in Sources */ = {isa = PBXBuildFile; fileRef = F0DD6FA320DCF0C100F95FA0 /* AppDelegate.swift */; };
		F0DD6FA620DCF0C100F95FA0 /* ViewController.swift in Sources */ = {isa = PBXBuildFile; fileRef = F0DD6FA520DCF0C100F95FA0 /* ViewController.swift */; };
		F0DD6FA920DCF0C100F95FA0 /* Main.storyboard in Resources */ = {isa = PBXBuildFile; fileRef = F0DD6FA720DCF0C100F95FA0 /* Main.storyboard */; };
		F0DD6FAB20DCF0D300F95FA0 /* Assets.xcassets in Resources */ = {isa = PBXBuildFile; fileRef = F0DD6FAA20DCF0D300F95FA0 /* Assets.xcassets */; };
		F0DD6FAE20DCF0D300F95FA0 /* LaunchScreen.storyboard in Resources */ = {isa = PBXBuildFile; fileRef = F0DD6FAC20DCF0D300F95FA0 /* LaunchScreen.storyboard */; };
		F0DD6FB620DCF0E600F95FA0 /* FXCountdownLabel.swift in Sources */ = {isa = PBXBuildFile; fileRef = F0DD6FB520DCF0E500F95FA0 /* FXCountdownLabel.swift */; };
/* End PBXBuildFile section */

/* Begin PBXFileReference section */
		F0DD6FA020DCF0C100F95FA0 /* FXCountdownLabelDemo.app */ = {isa = PBXFileReference; explicitFileType = wrapper.application; includeInIndex = 0; path = FXCountdownLabelDemo.app; sourceTree = BUILT_PRODUCTS_DIR; };
		F0DD6FA320DCF0C100F95FA0 /* AppDelegate.swift */ = {isa = PBXFileReference; lastKnownFileType = sourcecode.swift; path = AppDelegate.swift; sourceTree = "<group>"; };
		F0DD6FA520DCF0C100F95FA0 /* ViewController.swift */ = {isa = PBXFileReference; lastKnownFileType = sourcecode.swift; path = ViewController.swift; sourceTree = "<group>"; };
		F0DD6FA820DCF0C100F95FA0 /* Base */ = {isa = PBXFileReference; lastKnownFileType = file.storyboard; name = Base; path = Base.lproj/Main.storyboard; sourceTree = "<group>"; };
		F0DD6FAA20DCF0D300F95FA0 /* Assets.xcassets */ = {isa = PBXFileReference; lastKnownFileType = folder.assetcatalog; path = Assets.xcassets; sourceTree = "<group>"; };
		F0DD6FAD20DCF0D300F95FA0 /* Base */ = {isa = PBXFileReference; lastKnownFileType = file.storyboard; name = Base; path = Base.lproj/LaunchScreen.storyboard; sourceTree = "<group>"; };
		F0DD6FAF20DCF0D300F95FA0 /* Info.plist */ = {isa = PBXFileReference; lastKnownFileType = text.plist.xml; path = Info.plist; sourceTree = "<group>"; };
		F0DD6FB520DCF0E500F95FA0 /* FXCountdownLabel.swift */ = {isa = PBXFileReference; fileEncoding = 4; lastKnownFileType = sourcecode.swift; path = FXCountdownLabel.swift; sourceTree = "<group>"; };
/* End PBXFileReference section */

/* Begin PBXFrameworksBuildPhase section */
		F0DD6F9D20DCF0C100F95FA0 /* Frameworks */ = {
			isa = PBXFrameworksBuildPhase;
			buildActionMask = 2147483647;
			files = (
			);
			runOnlyForDeploymentPostprocessing = 0;
		};
/* End PBXFrameworksBuildPhase section */

/* Begin PBXGroup section */
		F0DD6F9720DCF0C100F95FA0 = {
			isa = PBXGroup;
			children = (
				F0DD6FA220DCF0C100F95FA0 /* FXCountdownLabelDemo */,
				F0DD6FA120DCF0C100F95FA0 /* Products */,
			);
			sourceTree = "<group>";
		};
		F0DD6FA120DCF0C100F95FA0 /* Products */ = {
			isa = PBXGroup;
			children = (
				F0DD6FA020DCF0C100F95FA0 /* FXCountdownLabelDemo.app */,
			);
			name = Products;
			sourceTree = "<group>";
		};
		F0DD6FA220DCF0C100F95FA0 /* FXCountdownLabelDemo */ = {
			isa = PBXGroup;
			children = (
				F0DD6FA320DCF0C100F95FA0 /* AppDelegate.swift */,
				F0DD6FA520DCF0C100F95FA0 /* ViewController.swift */,
				F0DD6FB520DCF0E500F95FA0 /* FXCountdownLabel.swift */,
				F0DD6FA720DCF0C100F95FA0 /* Main.storyboard */,
				F0DD6FAA20DCF0D300F95FA0 /* Assets.xcassets */,
				F0DD6FAC20DCF0D300F95FA0 /* LaunchScreen.storyboard */,
				F0DD6FAF20DCF0D300F95FA0 /* Info.plist */,
			);
			path = FXCountdownLabelDemo;
			sourceTree = "<group>";
		};
/* End PBXGroup section */

/* Begin PBXNativeTarget section */
		F0DD6F9F20DCF0C100F95FA0 /* FXCountdownLabelDemo */ = {
			isa = PBXNativeTarget;
			buildConfigurationList = F0DD6FB220DCF0D300F95FA0 /* Build configuration list for PBXNativeTarget "FXCountdownLabelDemo" */;
			buildPhases = (
				F0DD6F9C20DCF0C100F95FA0 /* Sources */,
				F0DD6F9D20DCF0C100F95FA0 /* Frameworks */,
				F0DD6F9E20DCF0C100F95FA0 /* Resources */,
			);
			buildRules = (
			);
			dependencies = (
			);
			name = FXCountdownLabelDemo;
			productName = FXCountdownLabelDemo;
			productReference = F0DD6FA020DCF0C100F95FA0 /* FXCountdownLabelDemo.app */;
			productType = "com.apple.product-type.application";
		};
/* End PBXNativeTarget section */

/* Begin PBXProject section */
		F0DD6F9820DCF0C100F95FA0 /* Project object */ = {
			isa = PBXProject;
			attributes = {
				LastSwiftUpdateCheck = 0940;
				LastUpgradeCheck = 0940;
				ORGANIZATIONNAME = lingyongdai;
				TargetAttributes = {
					F0DD6F9F20DCF0C100F95FA0 = {
						CreatedOnToolsVersion = 9.4.1;
					};
				};
			};
			buildConfigurationList = F0DD6F9B20DCF0C100F95FA0 /* Build configuration list for PBXProject "FXCountdownLabelDemo" */;
			compatibilityVersion = "Xcode 9.3";
			developmentRegion = en;
			hasScannedForEncodings = 0;
			knownRegions = (
				en,
				Base,
			);
			mainGroup = F0DD6F9720DCF0C100F95FA0;
			productRefGroup = F0DD6FA120DCF0C100F95FA0 /* Products */;
			projectDirPath = "";
			projectRoot = "";
			targets = (
				F0DD6F9F20DCF0C100F95FA0 /* FXCountdownLabelDemo */,
			);
		};
/* End PBXProject section */

/* Begin PBXResourcesBuildPhase section */
		F0DD6F9E20DCF0C100F95FA0 /* Resources */ = {
			isa = PBXResourcesBuildPhase;
			buildActionMask = 2147483647;
			files = (
				F0DD6FAE20DCF0D300F95FA0 /* LaunchScreen.storyboard in Resources */,
				F0DD6FAB20DCF0D300F95FA0 /* Assets.xcassets in Resources */,
				F0DD6FA920DCF0C100F95FA0 /* Main.storyboard in Resources */,
			);
			runOnlyForDeploymentPostprocessing = 0;
		};
/* End PBXResourcesBuildPhase section */

/* Begin PBXSourcesBuildPhase section */
		F0DD6F9C20DCF0C100F95FA0 /* Sources */ = {
			isa = PBXSourcesBuildPhase;
			buildActionMask = 2147483647;
			files = (
				F0DD6FA620DCF0C100F95FA0 /* ViewController.swift in Sources */,
				F0DD6FB620DCF0E600F95FA0 /* FXCountdownLabel.swift in Sources */,
				F0DD6FA420DCF0C100F95FA0 /* AppDelegate.swift in Sources */,
			);
			runOnlyForDeploymentPostprocessing = 0;
		};
/* End PBXSourcesBuildPhase section */

/* Begin PBXVariantGroup section */
		F0DD6FA720DCF0C100F95FA0 /* Main.storyboard */ = {
			isa = PBXVariantGroup;
			children = (
				F0DD6FA820DCF0C100F95FA0 /* Base */,
			);
			name = Main.storyboard;
			sourceTree = "<group>";
		};
		F0DD6FAC20DCF0D300F95FA0 /* LaunchScreen.storyboard */ = {
			isa = PBXVariantGroup;
			children = (
				F0DD6FAD20DCF0D300F95FA0 /* Base */,
			);
			name = LaunchScreen.storyboard;
			sourceTree = "<group>";
		};
/* End PBXVariantGroup section */

/* Begin XCBuildConfiguration section */
		F0DD6FB020DCF0D300F95FA0 /* Debug */ = {
			isa = XCBuildConfiguration;
			buildSettings = {
				ALWAYS_SEARCH_USER_PATHS = NO;
				CLANG_ANALYZER_NONNULL = YES;
				CLANG_ANALYZER_NUMBER_OBJECT_CONVERSION = YES_AGGRESSIVE;
				CLANG_CXX_LANGUAGE_STANDARD = "gnu++14";
				CLANG_CXX_LIBRARY = "libc++";
				CLANG_ENABLE_MODULES = YES;
				CLANG_ENABLE_OBJC_ARC = YES;
				CLANG_ENABLE_OBJC_WEAK = YES;
				CLANG_WARN_BLOCK_CAPTURE_AUTORELEASING = YES;
				CLANG_WARN_BOOL_CONVERSION = YES;
				CLANG_WARN_COMMA = YES;
				CLANG_WARN_CONSTANT_CONVERSION = YES;
				CLANG_WARN_DEPRECATED_OBJC_IMPLEMENTATIONS = YES;
				CLANG_WARN_DIRECT_OBJC_ISA_USAGE = YES_ERROR;
				CLANG_WARN_DOCUMENTATION_COMMENTS = YES;
				CLANG_WARN_EMPTY_BODY = YES;
				CLANG_WARN_ENUM_CONVERSION = YES;
				CLANG_WARN_INFINITE_RECURSION = YES;
				CLANG_WARN_INT_CONVERSION = YES;
				CLANG_WARN_NON_LITERAL_NULL_CONVERSION = YES;
				CLANG_WARN_OBJC_IMPLICIT_RETAIN_SELF = YES;
				CLANG_WARN_OBJC_LITERAL_CONVERSION = YES;
				CLANG_WARN_OBJC_ROOT_CLASS = YES_ERROR;
				CLANG_WARN_RANGE_LOOP_ANALYSIS = YES;
				CLANG_WARN_STRICT_PROTOTYPES = YES;
				CLANG_WARN_SUSPICIOUS_MOVE = YES;
				CLANG_WARN_UNGUARDED_AVAILABILITY = YES_AGGRESSIVE;
				CLANG_WARN_UNREACHABLE_CODE = YES;
				CLANG_WARN__DUPLICATE_METHOD_MATCH = YES;
				CODE_SIGN_IDENTITY = "iPhone Developer";
				COPY_PHASE_STRIP = NO;
				DEBUG_INFORMATION_FORMAT = dwarf;
				ENABLE_STRICT_OBJC_MSGSEND = YES;
				ENABLE_TESTABILITY = YES;
				GCC_C_LANGUAGE_STANDARD = gnu11;
				GCC_DYNAMIC_NO_PIC = NO;
				GCC_NO_COMMON_BLOCKS = YES;
				GCC_OPTIMIZATION_LEVEL = 0;
				GCC_PREPROCESSOR_DEFINITIONS = (
					"DEBUG=1",
					"$(inherited)",
				);
				GCC_WARN_64_TO_32_BIT_CONVERSION = YES;
				GCC_WARN_ABOUT_RETURN_TYPE = YES_ERROR;
				GCC_WARN_UNDECLARED_SELECTOR = YES;
				GCC_WARN_UNINITIALIZED_AUTOS = YES_AGGRESSIVE;
				GCC_WARN_UNUSED_FUNCTION = YES;
				GCC_WARN_UNUSED_VARIABLE = YES;
				IPHONEOS_DEPLOYMENT_TARGET = 11.4;
				MTL_ENABLE_DEBUG_INFO = YES;
				ONLY_ACTIVE_ARCH = YES;
				SDKROOT = iphoneos;
				SWIFT_ACTIVE_COMPILATION_CONDITIONS = DEBUG;
				SWIFT_OPTIMIZATION_LEVEL = "-Onone";
			};
			name = Debug;
		};
		F0DD6FB120DCF0D300F95FA0 /* Release */ = {
			isa = XCBuildConfiguration;
			buildSettings = {
				ALWAYS_SEARCH_USER_PATHS = NO;
				CLANG_ANALYZER_NONNULL = YES;
				CLANG_ANALYZER_NUMBER_OBJECT_CONVERSION = YES_AGGRESSIVE;
				CLANG_CXX_LANGUAGE_STANDARD = "gnu++14";
				CLANG_CXX_LIBRARY = "libc++";
				CLANG_ENABLE_MODULES = YES;
				CLANG_ENABLE_OBJC_ARC = YES;
				CLANG_ENABLE_OBJC_WEAK = YES;
				CLANG_WARN_BLOCK_CAPTURE_AUTORELEASING = YES;
				CLANG_WARN_BOOL_CONVERSION = YES;
				CLANG_WARN_COMMA = YES;
				CLANG_WARN_CONSTANT_CONVERSION = YES;
				CLANG_WARN_DEPRECATED_OBJC_IMPLEMENTATIONS = YES;
				CLANG_WARN_DIRECT_OBJC_ISA_USAGE = YES_ERROR;
				CLANG_WARN_DOCUMENTATION_COMMENTS = YES;
				CLANG_WARN_EMPTY_BODY = YES;
				CLANG_WARN_ENUM_CONVERSION = YES;
				CLANG_WARN_INFINITE_RECURSION = YES;
				CLANG_WARN_INT_CONVERSION = YES;
				CLANG_WARN_NON_LITERAL_NULL_CONVERSION = YES;
				CLANG_WARN_OBJC_IMPLICIT_RETAIN_SELF = YES;
				CLANG_WARN_OBJC_LITERAL_CONVERSION = YES;
				CLANG_WARN_OBJC_ROOT_CLASS = YES_ERROR;
				CLANG_WARN_RANGE_LOOP_ANALYSIS = YES;
				CLANG_WARN_STRICT_PROTOTYPES = YES;
				CLANG_WARN_SUSPICIOUS_MOVE = YES;
				CLANG_WARN_UNGUARDED_AVAILABILITY = YES_AGGRESSIVE;
				CLANG_WARN_UNREACHABLE_CODE = YES;
				CLANG_WARN__DUPLICATE_METHOD_MATCH = YES;
				CODE_SIGN_IDENTITY = "iPhone Developer";
				COPY_PHASE_STRIP = NO;
				DEBUG_INFORMATION_FORMAT = "dwarf-with-dsym";
				ENABLE_NS_ASSERTIONS = NO;
				ENABLE_STRICT_OBJC_MSGSEND = YES;
				GCC_C_LANGUAGE_STANDARD = gnu11;
				GCC_NO_COMMON_BLOCKS = YES;
				GCC_WARN_64_TO_32_BIT_CONVERSION = YES;
				GCC_WARN_ABOUT_RETURN_TYPE = YES_ERROR;
				GCC_WARN_UNDECLARED_SELECTOR = YES;
				GCC_WARN_UNINITIALIZED_AUTOS = YES_AGGRESSIVE;
				GCC_WARN_UNUSED_FUNCTION = YES;
				GCC_WARN_UNUSED_VARIABLE = YES;
				IPHONEOS_DEPLOYMENT_TARGET = 11.4;
				MTL_ENABLE_DEBUG_INFO = NO;
				SDKROOT = iphoneos;
				SWIFT_COMPILATION_MODE = wholemodule;
				SWIFT_OPTIMIZATION_LEVEL = "-O";
				VALIDATE_PRODUCT = YES;
			};
			name = Release;
		};
		F0DD6FB320DCF0D300F95FA0 /* Debug */ = {
			isa = XCBuildConfiguration;
			buildSettings = {
				ASSETCATALOG_COMPILER_APPICON_NAME = AppIcon;
				CODE_SIGN_STYLE = Automatic;
				DEVELOPMENT_TEAM = GUQQZ4F6LB;
				INFOPLIST_FILE = FXCountdownLabelDemo/Info.plist;
				LD_RUNPATH_SEARCH_PATHS = (
					"$(inherited)",
					"@executable_path/Frameworks",
				);
				PRODUCT_BUNDLE_IDENTIFIER = lfx.FXCountdownLabelDemo;
				PRODUCT_NAME = "$(TARGET_NAME)";
				SWIFT_VERSION = 4.0;
				TARGETED_DEVICE_FAMILY = "1,2";
			};
			name = Debug;
		};
		F0DD6FB420DCF0D300F95FA0 /* Release */ = {
			isa = XCBuildConfiguration;
			buildSettings = {
				ASSETCATALOG_COMPILER_APPICON_NAME = AppIcon;
				CODE_SIGN_STYLE = Automatic;
				DEVELOPMENT_TEAM = GUQQZ4F6LB;
				INFOPLIST_FILE = FXCountdownLabelDemo/Info.plist;
				LD_RUNPATH_SEARCH_PATHS = (
					"$(inherited)",
					"@executable_path/Frameworks",
				);
				PRODUCT_BUNDLE_IDENTIFIER = lfx.FXCountdownLabelDemo;
				PRODUCT_NAME = "$(TARGET_NAME)";
				SWIFT_VERSION = 4.0;
				TARGETED_DEVICE_FAMILY = "1,2";
			};
			name = Release;
		};
/* End XCBuildConfiguration section */

/* Begin XCConfigurationList section */
		F0DD6F9B20DCF0C100F95FA0 /* Build configuration list for PBXProject "FXCountdownLabelDemo" */ = {
			isa = XCConfigurationList;
			buildConfigurations = (
				F0DD6FB020DCF0D300F95FA0 /* Debug */,
				F0DD6FB120DCF0D300F95FA0 /* Release */,
			);
			defaultConfigurationIsVisible = 0;
			defaultConfigurationName = Release;
		};
		F0DD6FB220DCF0D300F95FA0 /* Build configuration list for PBXNativeTarget "FXCountdownLabelDemo" */ = {
			isa = XCConfigurationList;
			buildConfigurations = (
				F0DD6FB320DCF0D300F95FA0 /* Debug */,
				F0DD6FB420DCF0D300F95FA0 /* Release */,
			);
			defaultConfigurationIsVisible = 0;
			defaultConfigurationName = Release;
		};
/* End XCConfigurationList section */
	};
	rootObject = F0DD6F9820DCF0C100F95FA0 /* Project object */;
}
